
Microsoft Visual Studio Solution File, Format Version 12.00
# Visual Studio Version 16
VisualStudioVersion = 16.0.29709.97
MinimumVisualStudioVersion = 10.0.40219.1
Project("{FAE04EC0-301F-11D3-BF4B-00C04F79EFBC}") = "FrontToBack", "FrontToBack.csproj", "{1EA1AABA-10A0-4DDC-9AF0-F82515461C7F}"
EndProject
Global
	GlobalSection(SolutionConfigurationPlatforms) = preSolution
		Debug|Any CPU = Debug|Any CPU
		Release|Any CPU = Release|Any CPU
	EndGlobalSection
	GlobalSection(ProjectConfigurationPlatforms) = postSolution
		{1EA1AABA-10A0-4DDC-9AF0-F82515461C7F}.Debug|Any CPU.ActiveCfg = Debug|Any CPU
		{1EA1AABA-10A0-4DDC-9AF0-F82515461C7F}.Debug|Any CPU.Build.0 = Debug|Any CPU
		{1EA1AABA-10A0-4DDC-9AF0-F82515461C7F}.Release|Any CPU.ActiveCfg = Release|Any CPU
		{1EA1AABA-10A0-4DDC-9AF0-F82515461C7F}.Release|Any CPU.Build.0 = Release|Any CPU
	EndGlobalSection
	GlobalSection(SolutionProperties) = preSolution
		HideSolutionNode = FALSE
	EndGlobalSection
	GlobalSection(ExtensibilityGlobals) = postSolution
		SolutionGuid = {4BE16EAE-3CA9-4F0E-B442-B93C1840EAF6}
	EndGlobalSection
EndGlobal
